// !$*UTF8*$!
{
	archiveVersion = 1;
	classes = {
	};
	objectVersion = 46;
	objects = {

/* Begin PBXBuildFile section */
		C5EEF97C14F95232004F02EE /* UIKit.framework in Frameworks */ = {isa = PBXBuildFile; fileRef = C5EEF97B14F95232004F02EE /* UIKit.framework */; };
		C5EEF97E14F95232004F02EE /* Foundation.framework in Frameworks */ = {isa = PBXBuildFile; fileRef = C5EEF97D14F95232004F02EE /* Foundation.framework */; };
		C5EEF98014F95232004F02EE /* CoreGraphics.framework in Frameworks */ = {isa = PBXBuildFile; fileRef = C5EEF97F14F95232004F02EE /* CoreGraphics.framework */; };
		C5EEF98614F95232004F02EE /* InfoPlist.strings in Resources */ = {isa = PBXBuildFile; fileRef = C5EEF98414F95232004F02EE /* InfoPlist.strings */; };
		C5EEF98814F95232004F02EE /* main.m in Sources */ = {isa = PBXBuildFile; fileRef = C5EEF98714F95232004F02EE /* main.m */; };
		C5EEF98C14F95232004F02EE /* HappinessAppDelegate.m in Sources */ = {isa = PBXBuildFile; fileRef = C5EEF98B14F95232004F02EE /* HappinessAppDelegate.m */; };
		C5EEF98F14F95232004F02EE /* MainStoryboard.storyboard in Resources */ = {isa = PBXBuildFile; fileRef = C5EEF98D14F95232004F02EE /* MainStoryboard.storyboard */; };
		C5EEF99214F95232004F02EE /* HappinessViewController.m in Sources */ = {isa = PBXBuildFile; fileRef = C5EEF99114F95232004F02EE /* HappinessViewController.m */; };
/* End PBXBuildFile section */

/* Begin PBXFileReference section */
		C5EEF97714F95232004F02EE /* Happiness.app */ = {isa = PBXFileReference; explicitFileType = wrapper.application; includeInIndex = 0; path = Happiness.app; sourceTree = BUILT_PRODUCTS_DIR; };
		C5EEF97B14F95232004F02EE /* UIKit.framework */ = {isa = PBXFileReference; lastKnownFileType = wrapper.framework; name = UIKit.framework; path = System/Library/Frameworks/UIKit.framework; sourceTree = SDKROOT; };
		C5EEF97D14F95232004F02EE /* Foundation.framework */ = {isa = PBXFileReference; lastKnownFileType = wrapper.framework; name = Foundation.framework; path = System/Library/Frameworks/Foundation.framework; sourceTree = SDKROOT; };
		C5EEF97F14F95232004F02EE /* CoreGraphics.framework */ = {isa = PBXFileReference; lastKnownFileType = wrapper.framework; name = CoreGraphics.framework; path = System/Library/Frameworks/CoreGraphics.framework; sourceTree = SDKROOT; };
		C5EEF98314F95232004F02EE /* Happiness-Info.plist */ = {isa = PBXFileReference; path = "Happiness-Info.plist"; sourceTree = "<group>"; };
		C5EEF98514F95232004F02EE /* en */ = {isa = PBXFileReference; lastKnownFileType = text.plist.strings; name = en; path = en.lproj/InfoPlist.strings; sourceTree = "<group>"; };
		C5EEF98714F95232004F02EE /* main.m */ = {isa = PBXFileReference; lastKnownFileType = sourcecode.c.objc; path = main.m; sourceTree = "<group>"; };
		C5EEF98914F95232004F02EE /* Happiness-Prefix.pch */ = {isa = PBXFileReference; path = "Happiness-Prefix.pch"; sourceTree = "<group>"; };
		C5EEF98A14F95232004F02EE /* HappinessAppDelegate.h */ = {isa = PBXFileReference; path = HappinessAppDelegate.h; sourceTree = "<group>"; };
		C5EEF98B14F95232004F02EE /* HappinessAppDelegate.m */ = {isa = PBXFileReference; lastKnownFileType = sourcecode.c.objc; path = HappinessAppDelegate.m; sourceTree = "<group>"; };
		C5EEF98E14F95232004F02EE /* en */ = {isa = PBXFileReference; lastKnownFileType = file.storyboard; name = en; path = en.lproj/MainStoryboard.storyboard; sourceTree = "<group>"; };
		C5EEF99014F95232004F02EE /* HappinessViewController.h */ = {isa = PBXFileReference; path = HappinessViewController.h; sourceTree = "<group>"; };
		C5EEF99114F95232004F02EE /* HappinessViewController.m */ = {isa = PBXFileReference; lastKnownFileType = sourcecode.c.objc; path = HappinessViewController.m; sourceTree = "<group>"; };
/* End PBXFileReference section */

/* Begin PBXFrameworksBuildPhase section */
		C5EEF97414F95232004F02EE /* Frameworks */ = {
			isa = PBXFrameworksBuildPhase;
			buildActionMask = 2147483647;
			files = (
				C5EEF97C14F95232004F02EE /* UIKit.framework in Frameworks */,
				C5EEF97E14F95232004F02EE /* Foundation.framework in Frameworks */,
				C5EEF98014F95232004F02EE /* CoreGraphics.framework in Frameworks */,
			);
			runOnlyForDeploymentPostprocessing = 0;
		};
/* End PBXFrameworksBuildPhase section */

/* Begin PBXGroup section */
		C5EEF96C14F95232004F02EE = {
			isa = PBXGroup;
			children = (
				C5EEF98114F95232004F02EE /* Happiness */,
				C5EEF97A14F95232004F02EE /* Frameworks */,
				C5EEF97814F95232004F02EE /* Products */,
			);
			sourceTree = "<group>";
		};
		C5EEF97814F95232004F02EE /* Products */ = {
			isa = PBXGroup;
			children = (
				C5EEF97714F95232004F02EE /* Happiness.app */,
			);
			name = Products;
			sourceTree = "<group>";
		};
		C5EEF97A14F95232004F02EE /* Frameworks */ = {
			isa = PBXGroup;
			children = (
				C5EEF97B14F95232004F02EE /* UIKit.framework */,
				C5EEF97D14F95232004F02EE /* Foundation.framework */,
				C5EEF97F14F95232004F02EE /* CoreGraphics.framework */,
			);
			name = Frameworks;
			sourceTree = "<group>";
		};
		C5EEF98114F95232004F02EE /* Happiness */ = {
			isa = PBXGroup;
			children = (
				C5EEF98A14F95232004F02EE /* HappinessAppDelegate.h */,
				C5EEF98B14F95232004F02EE /* HappinessAppDelegate.m */,
				C5EEF98D14F95232004F02EE /* MainStoryboard.storyboard */,
				C5EEF99014F95232004F02EE /* HappinessViewController.h */,
				C5EEF99114F95232004F02EE /* HappinessViewController.m */,
				C5EEF98214F95232004F02EE /* Supporting Files */,
			);
			path = Happiness;
			sourceTree = "<group>";
		};
		C5EEF98214F95232004F02EE /* Supporting Files */ = {
			isa = PBXGroup;
			children = (
				C5EEF98314F95232004F02EE /* Happiness-Info.plist */,
				C5EEF98414F95232004F02EE /* InfoPlist.strings */,
				C5EEF98714F95232004F02EE /* main.m */,
				C5EEF98914F95232004F02EE /* Happiness-Prefix.pch */,
			);
			name = "Supporting Files";
			sourceTree = "<group>";
		};
/* End PBXGroup section */

/* Begin PBXNativeTarget section */
		C5EEF97614F95232004F02EE /* Happiness */ = {
			isa = PBXNativeTarget;
			buildConfigurationList = C5EEF99514F95232004F02EE /* Build configuration list for PBXNativeTarget "Happiness" */;
			buildPhases = (
				C5EEF97314F95232004F02EE /* Sources */,
				C5EEF97414F95232004F02EE /* Frameworks */,
				C5EEF97514F95232004F02EE /* Resources */,
			);
			buildRules = (
			);
			dependencies = (
			);
			name = Happiness;
			productName = Happiness;
			productReference = C5EEF97714F95232004F02EE /* Happiness.app */;
			productType = "com.apple.product-type.application";
		};
/* End PBXNativeTarget section */

/* Begin PBXProject section */
		C5EEF96E14F95232004F02EE /* Project object */ = {
			isa = PBXProject;
			attributes = {
				LastUpgradeCheck = 0420;
			};
			buildConfigurationList = C5EEF97114F95232004F02EE /* Build configuration list for PBXProject "Happiness" */;
			compatibilityVersion = "Xcode 3.2";
			developmentRegion = English;
			hasScannedForEncodings = 0;
			knownRegions = (
				en,
			);
			mainGroup = C5EEF96C14F95232004F02EE;
			productRefGroup = C5EEF97814F95232004F02EE /* Products */;
			projectDirPath = "";
			projectRoot = "";
			targets = (
				C5EEF97614F95232004F02EE /* Happiness */,
			);
		};
/* End PBXProject section */

/* Begin PBXResourcesBuildPhase section */
		C5EEF97514F95232004F02EE /* Resources */ = {
			isa = PBXResourcesBuildPhase;
			buildActionMask = 2147483647;
			files = (
				C5EEF98614F95232004F02EE /* InfoPlist.strings in Resources */,
				C5EEF98F14F95232004F02EE /* MainStoryboard.storyboard in Resources */,
			);
			runOnlyForDeploymentPostprocessing = 0;
		};
/* End PBXResourcesBuildPhase section */

/* Begin PBXSourcesBuildPhase section */
		C5EEF97314F95232004F02EE /* Sources */ = {
			isa = PBXSourcesBuildPhase;
			buildActionMask = 2147483647;
			files = (
				C5EEF98814F95232004F02EE /* main.m in Sources */,
				C5EEF98C14F95232004F02EE /* HappinessAppDelegate.m in Sources */,
				C5EEF99214F95232004F02EE /* HappinessViewController.m in Sources */,
			);
			runOnlyForDeploymentPostprocessing = 0;
		};
/* End PBXSourcesBuildPhase section */

/* Begin PBXVariantGroup section */
		C5EEF98414F95232004F02EE /* InfoPlist.strings */ = {
			isa = PBXVariantGroup;
			children = (
				C5EEF98514F95232004F02EE /* en */,
			);
			name = InfoPlist.strings;
			sourceTree = "<group>";
		};
		C5EEF98D14F95232004F02EE /* MainStoryboard.storyboard */ = {
			isa = PBXVariantGroup;
			children = (
				C5EEF98E14F95232004F02EE /* en */,
			);
			name = MainStoryboard.storyboard;
			sourceTree = "<group>";
		};
/* End PBXVariantGroup section */

/* Begin XCBuildConfiguration section */
		C5EEF99314F95232004F02EE /* Debug */ = {
			isa = XCBuildConfiguration;
			buildSettings = {
				ALWAYS_SEARCH_USER_PATHS = NO;
				ARCHS = "$(ARCHS_STANDARD_32_BIT)";
				CLANG_ENABLE_OBJC_ARC = YES;
				"CODE_SIGN_IDENTITY[sdk=iphoneos*]" = "iPhone Developer";
				COPY_PHASE_STRIP = NO;
				GCC_C_LANGUAGE_STANDARD = gnu99;
				GCC_DYNAMIC_NO_PIC = NO;
				GCC_OPTIMIZATION_LEVEL = 0;
				GCC_PREPROCESSOR_DEFINITIONS = (
					"DEBUG=1",
					"$(inherited)",
				);
				GCC_SYMBOLS_PRIVATE_EXTERN = NO;
				GCC_VERSION = com.apple.compilers.llvm.clang.1_0;
				GCC_WARN_ABOUT_MISSING_PROTOTYPES = YES;
				GCC_WARN_ABOUT_RETURN_TYPE = YES;
				GCC_WARN_UNUSED_VARIABLE = YES;
				IPHONEOS_DEPLOYMENT_TARGET = 5.0;
				SDKROOT = iphoneos;
			};
			name = Debug;
		};
		C5EEF99414F95232004F02EE /* Release */ = {
			isa = XCBuildConfiguration;
			buildSettings = {
				ALWAYS_SEARCH_USER_PATHS = NO;
				ARCHS = "$(ARCHS_STANDARD_32_BIT)";
				CLANG_ENABLE_OBJC_ARC = YES;
				"CODE_SIGN_IDENTITY[sdk=iphoneos*]" = "iPhone Developer";
				COPY_PHASE_STRIP = YES;
				GCC_C_LANGUAGE_STANDARD = gnu99;
				GCC_VERSION = com.apple.compilers.llvm.clang.1_0;
				GCC_WARN_ABOUT_MISSING_PROTOTYPES = YES;
				GCC_WARN_ABOUT_RETURN_TYPE = YES;
				GCC_WARN_UNUSED_VARIABLE = YES;
				IPHONEOS_DEPLOYMENT_TARGET = 5.0;
				OTHER_CFLAGS = "-DNS_BLOCK_ASSERTIONS=1";
				SDKROOT = iphoneos;
				VALIDATE_PRODUCT = YES;
			};
			name = Release;
		};
		C5EEF99614F95232004F02EE /* Debug */ = {
			isa = XCBuildConfiguration;
			buildSettings = {
				GCC_PRECOMPILE_PREFIX_HEADER = YES;
				GCC_PREFIX_HEADER = "Happiness/Happiness-Prefix.pch";
				INFOPLIST_FILE = "Happiness/Happiness-Info.plist";
				PRODUCT_NAME = "$(TARGET_NAME)";
				WRAPPER_EXTENSION = app;
			};
			name = Debug;
		};
		C5EEF99714F95232004F02EE /* Release */ = {
			isa = XCBuildConfiguration;
			buildSettings = {
				GCC_PRECOMPILE_PREFIX_HEADER = YES;
				GCC_PREFIX_HEADER = "Happiness/Happiness-Prefix.pch";
				INFOPLIST_FILE = "Happiness/Happiness-Info.plist";
				PRODUCT_NAME = "$(TARGET_NAME)";
				WRAPPER_EXTENSION = app;
			};
			name = Release;
		};
/* End XCBuildConfiguration section */

/* Begin XCConfigurationList section */
		C5EEF97114F95232004F02EE /* Build configuration list for PBXProject "Happiness" */ = {
			isa = XCConfigurationList;
			buildConfigurations = (
				C5EEF99314F95232004F02EE /* Debug */,
				C5EEF99414F95232004F02EE /* Release */,
			);
			defaultConfigurationIsVisible = 0;
			defaultConfigurationName = Release;
		};
		C5EEF99514F95232004F02EE /* Build configuration list for PBXNativeTarget "Happiness" */ = {
			isa = XCConfigurationList;
			buildConfigurations = (
				C5EEF99614F95232004F02EE /* Debug */,
				C5EEF99714F95232004F02EE /* Release */,
			);
			defaultConfigurationIsVisible = 0;
		};
/* End XCConfigurationList section */
	};
	rootObject = C5EEF96E14F95232004F02EE /* Project object */;
}
